lockfileVersion: '9.0'

settings:
  autoInstallPeers: true
  excludeLinksFromLockfile: false

importers:

  .:
    dependencies:
      react-icons:
        specifier: ^5.7.0
        version: 5.7.0(react@19.3.0)

packages:

  react-icons@5.7.0:
    resolution: {integrity: sha512-LBLy340Rzqy6+/yVhZKT3B/QpP1BZaesGqasf09HPOBzRarcDIFH0WwXlXQfE7q7ipxK4MSiC5DIBWURCny6fw==}
    peerDependencies:
      react: '*'

  react@19.3.0:
    resolution: {integrity: sha512-E8LUcbtBWt20bbl2YoHfx4ZDBdxVTfOKtCZn9cDSJ4l6/nuoApcpIBcj47t2wZoVX8g2ZHuMHbiShgCR1T5Sog==}
    engines: {node: '>=0.10.0'}

snapshots:

  react-icons@5.7.0(react@19.3.0):
    dependencies:
      react: 19.3.0

  react@19.3.0: {}
